
Microsoft Visual Studio Solution File, Format Version 12.00
# Visual Studio Version 16
VisualStudioVersion = 16.0.31624.102
MinimumVisualStudioVersion = 10.0.40219.1
Project("{FAE04EC0-301F-11D3-BF4B-00C04F79EFBC}") = "War and piece", "War and piece.csproj", "{F7721480-2642-4B14-8A38-517D3F1787C3}"
EndProject
Global
	GlobalSection(SolutionConfigurationPlatforms) = preSolution
		Debug|Any CPU = Debug|Any CPU
		Release|Any CPU = Release|Any CPU
	EndGlobalSection
	GlobalSection(ProjectConfigurationPlatforms) = postSolution
		{F7721480-2642-4B14-8A38-517D3F1787C3}.Debug|Any CPU.ActiveCfg = Debug|Any CPU
		{F7721480-2642-4B14-8A38-517D3F1787C3}.Debug|Any CPU.Build.0 = Debug|Any CPU
		{F7721480-2642-4B14-8A38-517D3F1787C3}.Release|Any CPU.ActiveCfg = Release|Any CPU
		{F7721480-2642-4B14-8A38-517D3F1787C3}.Release|Any CPU.Build.0 = Release|Any CPU
	EndGlobalSection
	GlobalSection(SolutionProperties) = preSolution
		HideSolutionNode = FALSE
	EndGlobalSection
	GlobalSection(ExtensibilityGlobals) = postSolution
		SolutionGuid = {505975BA-AF3E-46D1-9FBB-1557466DCED3}
	EndGlobalSection
EndGlobal
